PODS:
  - Capacitor (7.6.2):
    - CapacitorCordova
  - CapacitorApp (7.1.2):
    - Capacitor
  - CapacitorClipboard (7.0.4):
    - Capacitor
  - CapacitorCordova (7.6.2)
  - CapacitorShare (7.0.4):
    - Capacitor
  - CapacitorStatusBar (7.0.6):
    - Capacitor
  - GzipSwift (5.1.1)
  - K2Plugin (0.1.0):
    - Capacitor
    - GzipSwift (~> 5.1)
    - SSZipArchive (~> 2.5)
  - SSZipArchive (2.6.0)

DEPENDENCIES:
  - "Capacitor (from `../../../node_modules/@capacitor/ios`)"
  - "CapacitorApp (from `../../../node_modules/@capacitor/app`)"
  - "CapacitorClipboard (from `../../../node_modules/@capacitor/clipboard`)"
  - "CapacitorCordova (from `../../../node_modules/@capacitor/ios`)"
  - "CapacitorShare (from `../../../node_modules/@capacitor/share`)"
  - "CapacitorStatusBar (from `../../../node_modules/@capacitor/status-bar`)"
  - K2Plugin (from `../../../node_modules/k2-plugin`)

SPEC REPOS:
  trunk:
    - GzipSwift
    - SSZipArchive

EXTERNAL SOURCES:
  Capacitor:
    :path: "../../../node_modules/@capacitor/ios"
  CapacitorApp:
    :path: "../../../node_modules/@capacitor/app"
  CapacitorClipboard:
    :path: "../../../node_modules/@capacitor/clipboard"
  CapacitorCordova:
    :path: "../../../node_modules/@capacitor/ios"
  CapacitorShare:
    :path: "../../../node_modules/@capacitor/share"
  CapacitorStatusBar:
    :path: "../../../node_modules/@capacitor/status-bar"
  K2Plugin:
    :path: "../../../node_modules/k2-plugin"

SPEC CHECKSUMS:
  Capacitor: 6a4db05694acab0f1ea4ecb5ae06e520d101c4f1
  CapacitorApp: 6b89831465d6bc99bc89779b1b7f5327e33011ce
  CapacitorClipboard: 9779d5e2f766d501d8c90e0f0f689abd293efc2f
  CapacitorCordova: 8214697bed435f6e7c5e3ed86d1632a8c42f7d77
  CapacitorShare: 14b5d7f0a2c6de86dcad8995da80fb707ee32f62
  CapacitorStatusBar: a3acb591ff56301e28aa1a01791ba74a8e1faabb
  GzipSwift: 893f3e48e597a1a4f62fafcb6514220fcf8287fa
  K2Plugin: 6417bb0881f846831ac5f066a27fb5879d7fb47b
  SSZipArchive: 8a6ee5677c8e304bebc109e39cf0da91ccef22ea

PODFILE CHECKSUM: 6426a27dac30f4bcedb5d2d894183b6e26b625e3

COCOAPODS: 1.16.2
